
Microsoft Visual Studio Solution File, Format Version 12.00
# Visual Studio Version 16
VisualStudioVersion = 16.0.31911.196
MinimumVisualStudioVersion = 10.0.40219.1
Project("{FAE04EC0-301F-11D3-BF4B-00C04F79EFBC}") = "GCNotification", "GCNotification\GCNotification.csproj", "{673393AB-A832-4EA9-9BAF-5CD2741D46B8}"
EndProject
Global
	GlobalSection(SolutionConfigurationPlatforms) = preSolution
		Debug|Any CPU = Debug|Any CPU
		Release|Any CPU = Release|Any CPU
	EndGlobalSection
	GlobalSection(ProjectConfigurationPlatforms) = postSolution
		{673393AB-A832-4EA9-9BAF-5CD2741D46B8}.Debug|Any CPU.ActiveCfg = Debug|Any CPU
		{673393AB-A832-4EA9-9BAF-5CD2741D46B8}.Debug|Any CPU.Build.0 = Debug|Any CPU
		{673393AB-A832-4EA9-9BAF-5CD2741D46B8}.Release|Any CPU.ActiveCfg = Release|Any CPU
		{673393AB-A832-4EA9-9BAF-5CD2741D46B8}.Release|Any CPU.Build.0 = Release|Any CPU
	EndGlobalSection
	GlobalSection(SolutionProperties) = preSolution
		HideSolutionNode = FALSE
	EndGlobalSection
	GlobalSection(ExtensibilityGlobals) = postSolution
		SolutionGuid = {2A681F76-7990-488D-9845-8B386C4A2145}
	EndGlobalSection
EndGlobal
